
Microsoft Visual Studio Solution File, Format Version 12.00
# Visual Studio Version 16
VisualStudioVersion = 16.0.31321.278
MinimumVisualStudioVersion = 10.0.40219.1
Project("{FAE04EC0-301F-11D3-BF4B-00C04F79EFBC}") = "MvcMovie", "MvcMovie\MvcMovie.csproj", "{EEC08558-A20E-48FE-A81B-E3A38A237767}"
EndProject
Global
	GlobalSection(SolutionConfigurationPlatforms) = preSolution
		Debug|Any CPU = Debug|Any CPU
		Release|Any CPU = Release|Any CPU
	EndGlobalSection
	GlobalSection(ProjectConfigurationPlatforms) = postSolution
		{EEC08558-A20E-48FE-A81B-E3A38A237767}.Debug|Any CPU.ActiveCfg = Debug|Any CPU
		{EEC08558-A20E-48FE-A81B-E3A38A237767}.Debug|Any CPU.Build.0 = Debug|Any CPU
		{EEC08558-A20E-48FE-A81B-E3A38A237767}.Release|Any CPU.ActiveCfg = Release|Any CPU
		{EEC08558-A20E-48FE-A81B-E3A38A237767}.Release|Any CPU.Build.0 = Release|Any CPU
	EndGlobalSection
	GlobalSection(SolutionProperties) = preSolution
		HideSolutionNode = FALSE
	EndGlobalSection
	GlobalSection(ExtensibilityGlobals) = postSolution
		SolutionGuid = {5D8E8AE2-F478-4F86-B65C-2E88EE26D26E}
	EndGlobalSection
EndGlobal
